{
  "nodes": {
    "fish-plugin-autopair.fish": {
      "flake": false,
      "locked": {
        "lastModified": 1656950411,
        "narHash": "sha256-qt3t1iKRRNuiLWiVoiAYOu+9E7jsyECyIqZJ/oRIT1A=",
        "owner": "jorgebucaran",
        "repo": "autopair.fish",
        "rev": "4d1752ff5b39819ab58d7337c69220342e9de0e2",
        "type": "github"
      },
      "original": {
        "owner": "jorgebucaran",
        "repo": "autopair.fish",
        "type": "github"
      }
    },
    "fish-plugin-done": {
      "flake": false,
      "locked": {
        "lastModified": 1712867771,
        "narHash": "sha256-DMIRKRAVOn7YEnuAtz4hIxrU93ULxNoQhW6juxCoh4o=",
        "owner": "franciscolourenco",
        "repo": "done",
        "rev": "eb32ade85c0f2c68cbfcff3036756bbf27a4f366",
        "type": "github"
      },
      "original": {
        "owner": "franciscolourenco",
        "repo": "done",
        "type": "github"
      }
    },
    "fish-plugin-fish-async-prompt": {
      "flake": false,
      "locked": {
        "lastModified": 1707036484,
        "narHash": "sha256-J7y3BjqwuEH4zDQe4cWylLn+Vn2Q5pv0XwOSPwhw/Z0=",
        "owner": "acomagu",
        "repo": "fish-async-prompt",
        "rev": "316aa03c875b58e7c7f7d3bc9a78175aa47dbaa8",
        "type": "github"
      },
      "original": {
        "owner": "acomagu",
        "repo": "fish-async-prompt",
        "type": "github"
      }
    },
    "fish-plugin-fish-completion-sync": {
      "flake": false,
      "locked": {
        "lastModified": 1690910715,
        "narHash": "sha256-wmtMUVi/NmbvJtrPbORPhAwXgnILvm4rjOtjl98GcWA=",
        "owner": "pfgray",
        "repo": "fish-completion-sync",
        "rev": "f75ed04e98b3b39af1d3ce6256ca5232305565d8",
        "type": "github"
      },
      "original": {
        "owner": "pfgray",
        "repo": "fish-completion-sync",
        "type": "github"
      }
    },
    "flake-compat": {
      "locked": {
        "lastModified": 1696426674,
        "narHash": "sha256-kvjfFW7WAETZlt09AgDn1MrtKzP7t90Vf7vypd3OL1U=",
        "rev": "0f9255e01c2351cc7d116c072cb317785dd33b33",
        "revCount": 57,
        "type": "tarball",
        "url": "https://api.flakehub.com/f/pinned/edolstra/flake-compat/1.0.1/018afb31-abd1-7bff-a5e4-cff7e18efb7a/source.tar.gz"
      },
      "original": {
        "type": "tarball",
        "url": "https://flakehub.com/f/edolstra/flake-compat/%2A.tar.gz"
      }
    },
    "flake-compat_2": {
      "flake": false,
      "locked": {
        "lastModified": 1733328505,
        "narHash": "sha256-NeCCThCEP3eCl2l/+27kNNK7QrwZB1IJCrXfrbv5oqU=",
        "owner": "edolstra",
        "repo": "flake-compat",
        "rev": "ff81ac966bb2cae68946d5ed5fc4994f96d0ffec",
        "type": "github"
      },
      "original": {
        "owner": "edolstra",
        "repo": "flake-compat",
        "type": "github"
      }
    },
    "flake-compat_3": {
      "flake": false,
      "locked": {
        "lastModified": 1696426674,
        "narHash": "sha256-kvjfFW7WAETZlt09AgDn1MrtKzP7t90Vf7vypd3OL1U=",
        "owner": "edolstra",
        "repo": "flake-compat",
        "rev": "0f9255e01c2351cc7d116c072cb317785dd33b33",
        "type": "github"
      },
      "original": {
        "owner": "edolstra",
        "repo": "flake-compat",
        "type": "github"
      }
    },
    "flake-parts": {
      "inputs": {
        "nixpkgs-lib": [
          "nixpkgs"
        ]
      },
      "locked": {
        "lastModified": 1736143030,
        "narHash": "sha256-+hu54pAoLDEZT9pjHlqL9DNzWz0NbUn8NEAHP7PQPzU=",
        "owner": "hercules-ci",
        "repo": "flake-parts",
        "rev": "b905f6fc23a9051a6e1b741e1438dbfc0634c6de",
        "type": "github"
      },
      "original": {
        "owner": "hercules-ci",
        "repo": "flake-parts",
        "type": "github"
      }
    },
    "flake-parts_2": {
      "inputs": {
        "nixpkgs-lib": [
          "neovim-nightly-overlay",
          "nixpkgs"
        ]
      },
      "locked": {
        "lastModified": 1736143030,
        "narHash": "sha256-+hu54pAoLDEZT9pjHlqL9DNzWz0NbUn8NEAHP7PQPzU=",
        "owner": "hercules-ci",
        "repo": "flake-parts",
        "rev": "b905f6fc23a9051a6e1b741e1438dbfc0634c6de",
        "type": "github"
      },
      "original": {
        "owner": "hercules-ci",
        "repo": "flake-parts",
        "type": "github"
      }
    },
    "flake-parts_3": {
      "inputs": {
        "nixpkgs-lib": [
          "neovim-nightly-overlay",
          "hercules-ci-effects",
          "nixpkgs"
        ]
      },
      "locked": {
        "lastModified": 1733312601,
        "narHash": "sha256-4pDvzqnegAfRkPwO3wmwBhVi/Sye1mzps0zHWYnP88c=",
        "owner": "hercules-ci",
        "repo": "flake-parts",
        "rev": "205b12d8b7cd4802fbcb8e8ef6a0f1408781a4f9",
        "type": "github"
      },
      "original": {
        "id": "flake-parts",
        "type": "indirect"
      }
    },
    "flake-utils": {
      "inputs": {
        "systems": "systems"
      },
      "locked": {
        "lastModified": 1731533236,
        "narHash": "sha256-l0KFg5HjrsfsO/JpG+r7fRrqm12kzFHyUHqHCVpMMbI=",
        "owner": "numtide",
        "repo": "flake-utils",
        "rev": "11707dc2f618dd54ca8739b309ec4fc024de578b",
        "type": "github"
      },
      "original": {
        "owner": "numtide",
        "repo": "flake-utils",
        "type": "github"
      }
    },
    "flake-utils_2": {
      "inputs": {
        "systems": "systems_2"
      },
      "locked": {
        "lastModified": 1705309234,
        "narHash": "sha256-uNRRNRKmJyCRC/8y1RqBkqWBLM034y4qN7EprSdmgyA=",
        "owner": "numtide",
        "repo": "flake-utils",
        "rev": "1ef2e671c3b0c19053962c07dbda38332dcebf26",
        "type": "github"
      },
      "original": {
        "owner": "numtide",
        "repo": "flake-utils",
        "type": "github"
      }
    },
    "flake-utils_3": {
      "inputs": {
        "systems": "systems_3"
      },
      "locked": {
        "lastModified": 1694529238,
        "narHash": "sha256-zsNZZGTGnMOf9YpHKJqMSsa0dXbfmxeoJ7xHlrt+xmY=",
        "owner": "numtide",
        "repo": "flake-utils",
        "rev": "ff7b65b44d01cf9ba6a71320833626af21126384",
        "type": "github"
      },
      "original": {
        "owner": "numtide",
        "repo": "flake-utils",
        "type": "github"
      }
    },
    "ghostty": {
      "inputs": {
        "flake-compat": [],
        "nixpkgs-stable": "nixpkgs-stable",
        "nixpkgs-unstable": [],
        "zig": "zig"
      },
      "locked": {
        "lastModified": 1736269184,
        "narHash": "sha256-RROzoSujiA6efbs9damV9ZzmOtYYpwnoVdqjeVuhWQU=",
        "owner": "ghostty-org",
        "repo": "ghostty",
        "rev": "0065aae6b6b97f47afbd5a9cb71852cebbe2ea69",
        "type": "github"
      },
      "original": {
        "owner": "ghostty-org",
        "repo": "ghostty",
        "type": "github"
      }
    },
    "git-hooks": {
      "inputs": {
        "flake-compat": "flake-compat_3",
        "gitignore": "gitignore",
        "nixpkgs": [
          "neovim-nightly-overlay",
          "nixpkgs"
        ]
      },
      "locked": {
        "lastModified": 1735882644,
        "narHash": "sha256-3FZAG+pGt3OElQjesCAWeMkQ7C/nB1oTHLRQ8ceP110=",
        "owner": "cachix",
        "repo": "git-hooks.nix",
        "rev": "a5a961387e75ae44cc20f0a57ae463da5e959656",
        "type": "github"
      },
      "original": {
        "owner": "cachix",
        "repo": "git-hooks.nix",
        "type": "github"
      }
    },
    "gitignore": {
      "inputs": {
        "nixpkgs": [
          "neovim-nightly-overlay",
          "git-hooks",
          "nixpkgs"
        ]
      },
      "locked": {
        "lastModified": 1709087332,
        "narHash": "sha256-HG2cCnktfHsKV0s4XW83gU3F57gaTljL9KNSuG6bnQs=",
        "owner": "hercules-ci",
        "repo": "gitignore.nix",
        "rev": "637db329424fd7e46cf4185293b9cc8c88c95394",
        "type": "github"
      },
      "original": {
        "owner": "hercules-ci",
        "repo": "gitignore.nix",
        "type": "github"
      }
    },
    "gomod2nix": {
      "inputs": {
        "flake-utils": "flake-utils_3",
        "nixpkgs": [
          "nixpkgs"
        ]
      },
      "locked": {
        "lastModified": 1733668782,
        "narHash": "sha256-tPsqU00FhgdFr0JiQUiBMgPVbl1jbPCY5gbFiJycL3I=",
        "owner": "nix-community",
        "repo": "gomod2nix",
        "rev": "514283ec89c39ad0079ff2f3b1437404e4cba608",
        "type": "github"
      },
      "original": {
        "owner": "nix-community",
        "repo": "gomod2nix",
        "type": "github"
      }
    },
    "hercules-ci-effects": {
      "inputs": {
        "flake-parts": "flake-parts_3",
        "nixpkgs": [
          "neovim-nightly-overlay",
          "nixpkgs"
        ]
      },
      "locked": {
        "lastModified": 1735695978,
        "narHash": "sha256-cwk53OX1S1bCFY09zydubZNmmwcx9l5XEba8mVYuNE4=",
        "owner": "hercules-ci",
        "repo": "hercules-ci-effects",
        "rev": "f6233b5cfbada692d93a73d6ed35bdbfd0fdb9c4",
        "type": "github"
      },
      "original": {
        "owner": "hercules-ci",
        "repo": "hercules-ci-effects",
        "type": "github"
      }
    },
    "home-manager": {
      "inputs": {
        "nixpkgs": [
          "nixpkgs"
        ]
      },
      "locked": {
        "lastModified": 1736277415,
        "narHash": "sha256-kPDXF6cIPsVqSK08XF5EC6KM7BdMnM9vtJDzsnf+lLU=",
        "owner": "nix-community",
        "repo": "home-manager",
        "rev": "5c4302313d9207f7ec0886d68f8ff4a3c71209a1",
        "type": "github"
      },
      "original": {
        "owner": "nix-community",
        "repo": "home-manager",
        "type": "github"
      }
    },
    "neovim-nightly-overlay": {
      "inputs": {
        "flake-compat": "flake-compat_2",
        "flake-parts": "flake-parts_2",
        "git-hooks": "git-hooks",
        "hercules-ci-effects": "hercules-ci-effects",
        "neovim-src": "neovim-src",
        "nixpkgs": "nixpkgs",
        "treefmt-nix": "treefmt-nix"
      },
      "locked": {
        "lastModified": 1736233375,
        "narHash": "sha256-I6fqKdaoKOVU33SyPv+MuxWRiOs+PXQTO94aCLA3rAc=",
        "owner": "nix-community",
        "repo": "neovim-nightly-overlay",
        "rev": "721f5f602b876a3ee21be04f68ab3cedf162e7f6",
        "type": "github"
      },
      "original": {
        "owner": "nix-community",
        "repo": "neovim-nightly-overlay",
        "type": "github"
      }
    },
    "neovim-src": {
      "flake": false,
      "locked": {
        "lastModified": 1736193797,
        "narHash": "sha256-5S4RnwKfa5nn/r+8OsMtfgD6TEA5P6cWKti76A0zIMc=",
        "owner": "neovim",
        "repo": "neovim",
        "rev": "b6ab294838421afb6932c52dd6e6d35d571e621d",
        "type": "github"
      },
      "original": {
        "owner": "neovim",
        "repo": "neovim",
        "type": "github"
      }
    },
    "nix-darwin": {
      "inputs": {
        "nixpkgs": [
          "nixpkgs"
        ]
      },
      "locked": {
        "lastModified": 1736085891,
        "narHash": "sha256-bTl9fcUo767VaSx4Q5kFhwiDpFQhBKna7lNbGsqCQiA=",
        "owner": "lnl7",
        "repo": "nix-darwin",
        "rev": "ba9b3173b0f642ada42b78fb9dfc37ca82266f6c",
        "type": "github"
      },
      "original": {
        "owner": "lnl7",
        "ref": "master",
        "repo": "nix-darwin",
        "type": "github"
      }
    },
    "nix-flatpak": {
      "locked": {
        "lastModified": 1734124500,
        "narHash": "sha256-W9bu5UecsUP1moSWdv+w20tP7+vZSq05WxWZiJ5XrnM=",
        "rev": "010634f8a6d9bdec217f7b24f5a430c51e28d1ac",
        "revCount": 78,
        "type": "tarball",
        "url": "https://api.flakehub.com/f/pinned/gmodena/nix-flatpak/0.5.2/0193c1e2-8fc5-785d-b719-403884ef4473/source.tar.gz"
      },
      "original": {
        "type": "tarball",
        "url": "https://flakehub.com/f/gmodena/nix-flatpak/%2A.tar.gz"
      }
    },
    "nix-gl-host": {
      "inputs": {
        "nixpkgs": [
          "nixpkgs"
        ]
      },
      "locked": {
        "lastModified": 1732211616,
        "narHash": "sha256-QZCKJoypcwgS3tDNSWMjlxEBZtOYPW3eXV24rMzKsac=",
        "owner": "numtide",
        "repo": "nix-gl-host",
        "rev": "5269b233f83880a0b433eafe026f0bc0d8f1a4a9",
        "type": "github"
      },
      "original": {
        "owner": "numtide",
        "repo": "nix-gl-host",
        "type": "github"
      }
    },
    "nix-index-database": {
      "inputs": {
        "nixpkgs": [
          "nixpkgs"
        ]
      },
      "locked": {
        "lastModified": 1736047960,
        "narHash": "sha256-hutd85FA1jUJhhqBRRJ+u7UHO9oFGD/RVm2x5w8WjVQ=",
        "owner": "Mic92",
        "repo": "nix-index-database",
        "rev": "816a6ae88774ba7e74314830546c29e134e0dffb",
        "type": "github"
      },
      "original": {
        "owner": "Mic92",
        "repo": "nix-index-database",
        "type": "github"
      }
    },
    "nixpkgs": {
      "locked": {
        "lastModified": 1736042175,
        "narHash": "sha256-jdd5UWtLVrNEW8K6u5sy5upNAFmF3S4Y+OIeToqJ1X8=",
        "owner": "NixOS",
        "repo": "nixpkgs",
        "rev": "bf689c40d035239a489de5997a4da5352434632e",
        "type": "github"
      },
      "original": {
        "owner": "NixOS",
        "ref": "nixpkgs-unstable",
        "repo": "nixpkgs",
        "type": "github"
      }
    },
    "nixpkgs-stable": {
      "locked": {
        "lastModified": 1733423277,
        "narHash": "sha256-TxabjxEgkNbCGFRHgM/b9yZWlBj60gUOUnRT/wbVQR8=",
        "owner": "nixos",
        "repo": "nixpkgs",
        "rev": "e36963a147267afc055f7cf65225958633e536bf",
        "type": "github"
      },
      "original": {
        "owner": "nixos",
        "ref": "release-24.11",
        "repo": "nixpkgs",
        "type": "github"
      }
    },
    "nixpkgs-stable_2": {
      "locked": {
        "lastModified": 1736200483,
        "narHash": "sha256-JO+lFN2HsCwSLMUWXHeOad6QUxOuwe9UOAF/iSl1J4I=",
        "rev": "3f0a8ac25fb674611b98089ca3a5dd6480175751",
        "revCount": 712512,
        "type": "tarball",
        "url": "https://api.flakehub.com/f/pinned/NixOS/nixpkgs/0.2411.712512%2Brev-3f0a8ac25fb674611b98089ca3a5dd6480175751/01944209-0c88-7bd6-8aac-65b5af418928/source.tar.gz"
      },
      "original": {
        "type": "tarball",
        "url": "https://flakehub.com/f/NixOS/nixpkgs/%2A.tar.gz"
      }
    },
    "nixpkgs_2": {
      "locked": {
        "lastModified": 1736241350,
        "narHash": "sha256-CHd7yhaDigUuJyDeX0SADbTM9FXfiWaeNyY34FL1wQU=",
        "owner": "nixos",
        "repo": "nixpkgs",
        "rev": "8c9fd3e564728e90829ee7dbac6edc972971cd0f",
        "type": "github"
      },
      "original": {
        "owner": "nixos",
        "ref": "nixpkgs-unstable",
        "repo": "nixpkgs",
        "type": "github"
      }
    },
    "root": {
      "inputs": {
        "fish-plugin-autopair.fish": "fish-plugin-autopair.fish",
        "fish-plugin-done": "fish-plugin-done",
        "fish-plugin-fish-async-prompt": "fish-plugin-fish-async-prompt",
        "fish-plugin-fish-completion-sync": "fish-plugin-fish-completion-sync",
        "flake-compat": "flake-compat",
        "flake-parts": "flake-parts",
        "flake-utils": "flake-utils",
        "ghostty": "ghostty",
        "gomod2nix": "gomod2nix",
        "home-manager": "home-manager",
        "neovim-nightly-overlay": "neovim-nightly-overlay",
        "nix-darwin": "nix-darwin",
        "nix-flatpak": "nix-flatpak",
        "nix-gl-host": "nix-gl-host",
        "nix-index-database": "nix-index-database",
        "nixpkgs": "nixpkgs_2",
        "nixpkgs-stable": "nixpkgs-stable_2",
        "spoons": "spoons",
        "stackline": "stackline",
        "vim-plugin-CamelCaseMotion": "vim-plugin-CamelCaseMotion",
        "vim-plugin-Navigator.nvim": "vim-plugin-Navigator.nvim",
        "vim-plugin-SchemaStore.nvim": "vim-plugin-SchemaStore.nvim",
        "vim-plugin-bullets.vim": "vim-plugin-bullets.vim",
        "vim-plugin-dial.nvim": "vim-plugin-dial.nvim",
        "vim-plugin-direnv.vim": "vim-plugin-direnv.vim",
        "vim-plugin-fidget.nvim": "vim-plugin-fidget.nvim",
        "vim-plugin-lazy-lsp.nvim": "vim-plugin-lazy-lsp.nvim",
        "vim-plugin-mini.nvim": "vim-plugin-mini.nvim",
        "vim-plugin-multicursor.nvim": "vim-plugin-multicursor.nvim",
        "vim-plugin-nvim-autopairs": "vim-plugin-nvim-autopairs",
        "vim-plugin-nvim-lightbulb": "vim-plugin-nvim-lightbulb",
        "vim-plugin-nvim-lspconfig": "vim-plugin-nvim-lspconfig",
        "vim-plugin-nvim-treesitter": "vim-plugin-nvim-treesitter",
        "vim-plugin-nvim-treesitter-context": "vim-plugin-nvim-treesitter-context",
        "vim-plugin-nvim-treesitter-endwise": "vim-plugin-nvim-treesitter-endwise",
        "vim-plugin-nvim-treesitter-textobjects": "vim-plugin-nvim-treesitter-textobjects",
        "vim-plugin-nvim-ts-autotag": "vim-plugin-nvim-ts-autotag",
        "vim-plugin-splitjoin.vim": "vim-plugin-splitjoin.vim",
        "vim-plugin-treesj": "vim-plugin-treesj",
        "vim-plugin-vim-abolish": "vim-plugin-vim-abolish",
        "vim-plugin-vim-caser": "vim-plugin-vim-caser",
        "vim-plugin-vim-indentwise": "vim-plugin-vim-indentwise",
        "vim-plugin-vim-matchup": "vim-plugin-vim-matchup",
        "vim-plugin-vim-nix": "vim-plugin-vim-nix",
        "vim-plugin-vim-plug": "vim-plugin-vim-plug",
        "vim-plugin-vim-repeat": "vim-plugin-vim-repeat",
        "vim-plugin-vim-signify": "vim-plugin-vim-signify",
        "vim-plugin-vim-sleuth": "vim-plugin-vim-sleuth"
      }
    },
    "spoons": {
      "flake": false,
      "locked": {
        "lastModified": 1728549662,
        "narHash": "sha256-igHFHcNo/+5nYiBNa+VBddx9Pe2y7N6y7wEl7kSjHWY=",
        "owner": "Hammerspoon",
        "repo": "Spoons",
        "rev": "c12db871a179e6af29c1a290222aeb1ad9f34ffb",
        "type": "github"
      },
      "original": {
        "owner": "Hammerspoon",
        "repo": "Spoons",
        "type": "github"
      }
    },
    "stackline": {
      "flake": false,
      "locked": {
        "lastModified": 1669758007,
        "narHash": "sha256-x7SIgKR6rwkoVVbaAvjFr1N7wTF3atni/d6xGLBBRN4=",
        "owner": "AdamWagner",
        "repo": "stackline",
        "rev": "2aa0bd9a27f93bad24b0fd4da38f3c0356414098",
        "type": "github"
      },
      "original": {
        "owner": "AdamWagner",
        "repo": "stackline",
        "type": "github"
      }
    },
    "systems": {
      "locked": {
        "lastModified": 1681028828,
        "narHash": "sha256-Vy1rq5AaRuLzOxct8nz4T6wlgyUR7zLU309k9mBC768=",
        "owner": "nix-systems",
        "repo": "default",
        "rev": "da67096a3b9bf56a91d16901293e51ba5b49a27e",
        "type": "github"
      },
      "original": {
        "owner": "nix-systems",
        "repo": "default",
        "type": "github"
      }
    },
    "systems_2": {
      "locked": {
        "lastModified": 1681028828,
        "narHash": "sha256-Vy1rq5AaRuLzOxct8nz4T6wlgyUR7zLU309k9mBC768=",
        "owner": "nix-systems",
        "repo": "default",
        "rev": "da67096a3b9bf56a91d16901293e51ba5b49a27e",
        "type": "github"
      },
      "original": {
        "owner": "nix-systems",
        "repo": "default",
        "type": "github"
      }
    },
    "systems_3": {
      "locked": {
        "lastModified": 1681028828,
        "narHash": "sha256-Vy1rq5AaRuLzOxct8nz4T6wlgyUR7zLU309k9mBC768=",
        "owner": "nix-systems",
        "repo": "default",
        "rev": "da67096a3b9bf56a91d16901293e51ba5b49a27e",
        "type": "github"
      },
      "original": {
        "owner": "nix-systems",
        "repo": "default",
        "type": "github"
      }
    },
    "treefmt-nix": {
      "inputs": {
        "nixpkgs": [
          "neovim-nightly-overlay",
          "nixpkgs"
        ]
      },
      "locked": {
        "lastModified": 1736154270,
        "narHash": "sha256-p2r8xhQZ3TYIEKBoiEhllKWQqWNJNoT9v64Vmg4q8Zw=",
        "owner": "numtide",
        "repo": "treefmt-nix",
        "rev": "13c913f5deb3a5c08bb810efd89dc8cb24dd968b",
        "type": "github"
      },
      "original": {
        "owner": "numtide",
        "repo": "treefmt-nix",
        "type": "github"
      }
    },
    "vim-plugin-CamelCaseMotion": {
      "flake": false,
      "locked": {
        "lastModified": 1575314139,
        "narHash": "sha256-yTDYruJB4vDOivfK9gFykXqUUa4M25JYXQp5mhpY2nk=",
        "owner": "bkad",
        "repo": "CamelCaseMotion",
        "rev": "de439d7c06cffd0839a29045a103fe4b44b15cdc",
        "type": "github"
      },
      "original": {
        "owner": "bkad",
        "repo": "CamelCaseMotion",
        "type": "github"
      }
    },
    "vim-plugin-Navigator.nvim": {
      "flake": false,
      "locked": {
        "lastModified": 1675344172,
        "narHash": "sha256-Oyuv8mLPiMEsZPRnIgEjBFYJjGEhMzg+gnNhSSRvGoo=",
        "owner": "numToStr",
        "repo": "Navigator.nvim",
        "rev": "91d86506ac2a039504d5205d32a1d4bc7aa57072",
        "type": "github"
      },
      "original": {
        "owner": "numToStr",
        "repo": "Navigator.nvim",
        "type": "github"
      }
    },
    "vim-plugin-SchemaStore.nvim": {
      "flake": false,
      "locked": {
        "lastModified": 1736190038,
        "narHash": "sha256-4MIfIjY7fcm3Akl0uDrNiq/G/gtHPNkhZBSS/qgrSW4=",
        "owner": "b0o",
        "repo": "SchemaStore.nvim",
        "rev": "438f4f1f1fb890980cb23002597f99c9579834bd",
        "type": "github"
      },
      "original": {
        "owner": "b0o",
        "repo": "SchemaStore.nvim",
        "type": "github"
      }
    },
    "vim-plugin-bullets.vim": {
      "flake": false,
      "locked": {
        "lastModified": 1722735592,
        "narHash": "sha256-bPnLlaKphp9d25SoKdt1wFa+t51HYeZ3o5uc40keiHs=",
        "owner": "bullets-vim",
        "repo": "bullets.vim",
        "rev": "2253f970e54320dbd76fd6bb4f5a0bf2436ce232",
        "type": "github"
      },
      "original": {
        "owner": "bullets-vim",
        "repo": "bullets.vim",
        "type": "github"
      }
    },
    "vim-plugin-dial.nvim": {
      "flake": false,
      "locked": {
        "lastModified": 1732022590,
        "narHash": "sha256-YeAKLXxodzACP1PLlery8fCKJN5mJ0V5tvAHmJy7NpY=",
        "owner": "monaqa",
        "repo": "dial.nvim",
        "rev": "46b4375e84e8eb771129bff6b2b1e47746601ef9",
        "type": "github"
      },
      "original": {
        "owner": "monaqa",
        "repo": "dial.nvim",
        "type": "github"
      }
    },
    "vim-plugin-direnv.vim": {
      "flake": false,
      "locked": {
        "lastModified": 1701514458,
        "narHash": "sha256-Lwwm95UEkS8Q0Qsoh10o3sFn48wf7v7eCX/FJJV1HMI=",
        "owner": "direnv",
        "repo": "direnv.vim",
        "rev": "ab2a7e08dd630060cd81d7946739ac7442a4f269",
        "type": "github"
      },
      "original": {
        "owner": "direnv",
        "repo": "direnv.vim",
        "type": "github"
      }
    },
    "vim-plugin-fidget.nvim": {
      "flake": false,
      "locked": {
        "lastModified": 1736356439,
        "narHash": "sha256-o0za2NxFtzHZa7PRIm9U/P1/fwJrxS1G79ukdGLhJ4Q=",
        "owner": "j-hui",
        "repo": "fidget.nvim",
        "rev": "a0abbf18084b77d28bc70e24752e4f4fd54aea17",
        "type": "github"
      },
      "original": {
        "owner": "j-hui",
        "repo": "fidget.nvim",
        "type": "github"
      }
    },
    "vim-plugin-lazy-lsp.nvim": {
      "flake": false,
      "locked": {
        "lastModified": 1733477740,
        "narHash": "sha256-s5hHJOcmy1XnVb+n0sPYWfLQ4y/inOfwxyy7Ay2ypiM=",
        "owner": "dundalek",
        "repo": "lazy-lsp.nvim",
        "rev": "91146e303717f55561c281d541e32f75de931a0d",
        "type": "github"
      },
      "original": {
        "owner": "dundalek",
        "repo": "lazy-lsp.nvim",
        "type": "github"
      }
    },
    "vim-plugin-mini.nvim": {
      "flake": false,
      "locked": {
        "lastModified": 1736278161,
        "narHash": "sha256-akTWtZtlUheW2sTOh7XUTUKRdpkayOgONCGA38BQ4T4=",
        "owner": "echasnovski",
        "repo": "mini.nvim",
        "rev": "bac6c8bb77fe0a872719ea43c39e35c7c695f05e",
        "type": "github"
      },
      "original": {
        "owner": "echasnovski",
        "repo": "mini.nvim",
        "type": "github"
      }
    },
    "vim-plugin-multicursor.nvim": {
      "flake": false,
      "locked": {
        "lastModified": 1733109630,
        "narHash": "sha256-0bFqoTq4d49/REDu6Rnmvms3kDIyEl0N57CpxYp0ImU=",
        "owner": "jake-stewart",
        "repo": "multicursor.nvim",
        "rev": "f454cac9d03ccaf20008f4793f05b159f5547e78",
        "type": "github"
      },
      "original": {
        "owner": "jake-stewart",
        "repo": "multicursor.nvim",
        "type": "github"
      }
    },
    "vim-plugin-nvim-autopairs": {
      "flake": false,
      "locked": {
        "lastModified": 1736325073,
        "narHash": "sha256-3Q/49XeTxxaOvuO1O9i8PSCdqyampOcRRvEgiqLMtw8=",
        "owner": "windwp",
        "repo": "nvim-autopairs",
        "rev": "d65a9678336c8b48753dba8bff49672cbeb7c892",
        "type": "github"
      },
      "original": {
        "owner": "windwp",
        "repo": "nvim-autopairs",
        "type": "github"
      }
    },
    "vim-plugin-nvim-lightbulb": {
      "flake": false,
      "locked": {
        "lastModified": 1734997673,
        "narHash": "sha256-byvgRJvvt5rhiUVWdreY2jELXoPVld5EKQlOXwjNgWE=",
        "owner": "kosayoda",
        "repo": "nvim-lightbulb",
        "rev": "3ac0791be37ba9cc7939f1ad90ebc5e75abf4eea",
        "type": "github"
      },
      "original": {
        "owner": "kosayoda",
        "repo": "nvim-lightbulb",
        "type": "github"
      }
    },
    "vim-plugin-nvim-lspconfig": {
      "flake": false,
      "locked": {
        "lastModified": 1736334749,
        "narHash": "sha256-QMjk1MQh3PwxTf/8o0pvoDafje1/pLsvYlcJdcv3xmg=",
        "owner": "neovim",
        "repo": "nvim-lspconfig",
        "rev": "88157521e890fe7fdf18bee22438875edd6300a6",
        "type": "github"
      },
      "original": {
        "owner": "neovim",
        "repo": "nvim-lspconfig",
        "type": "github"
      }
    },
    "vim-plugin-nvim-treesitter": {
      "flake": false,
      "locked": {
        "lastModified": 1736340875,
        "narHash": "sha256-1TkCVuZ8G4/XHsl2MHrukrRY8sDacb84ZJXSqYuIATA=",
        "owner": "nvim-treesitter",
        "repo": "nvim-treesitter",
        "rev": "8ca76960ae75e0a3bb231402558eb50e79433161",
        "type": "github"
      },
      "original": {
        "owner": "nvim-treesitter",
        "repo": "nvim-treesitter",
        "type": "github"
      }
    },
    "vim-plugin-nvim-treesitter-context": {
      "flake": false,
      "locked": {
        "lastModified": 1736249562,
        "narHash": "sha256-XuKCAKy+CW0FWye5dS/B6FYTMTgsWm3oRCS+IHYciw0=",
        "owner": "nvim-treesitter",
        "repo": "nvim-treesitter-context",
        "rev": "d0dd7ce5a9d0be1f28086e818e52fdc5c78975df",
        "type": "github"
      },
      "original": {
        "owner": "nvim-treesitter",
        "repo": "nvim-treesitter-context",
        "type": "github"
      }
    },
    "vim-plugin-nvim-treesitter-endwise": {
      "flake": false,
      "locked": {
        "lastModified": 1727953280,
        "narHash": "sha256-vjDVU3lApLi0Qu6JqjBfAsVifTDPcVEhenjwQF1XjLE=",
        "owner": "metiulekm",
        "repo": "nvim-treesitter-endwise",
        "rev": "ad5ab41122a0b84f27101f1b5e6e55a681f84b2f",
        "type": "github"
      },
      "original": {
        "owner": "metiulekm",
        "repo": "nvim-treesitter-endwise",
        "type": "github"
      }
    },
    "vim-plugin-nvim-treesitter-textobjects": {
      "flake": false,
      "locked": {
        "lastModified": 1732260993,
        "narHash": "sha256-b/7Bz7L83KL+uZC1bRJ4PrzPVK/NaCKSx4VCHlPcdCM=",
        "owner": "nvim-treesitter",
        "repo": "nvim-treesitter-textobjects",
        "rev": "ad8f0a472148c3e0ae9851e26a722ee4e29b1595",
        "type": "github"
      },
      "original": {
        "owner": "nvim-treesitter",
        "repo": "nvim-treesitter-textobjects",
        "type": "github"
      }
    },
    "vim-plugin-nvim-ts-autotag": {
      "flake": false,
      "locked": {
        "lastModified": 1733164313,
        "narHash": "sha256-v2NTFBIzKTYizUPWB3uhpnTGVZWaelhE3MT5+BDA6Do=",
        "owner": "windwp",
        "repo": "nvim-ts-autotag",
        "rev": "1cca23c9da708047922d3895a71032bc0449c52d",
        "type": "github"
      },
      "original": {
        "owner": "windwp",
        "repo": "nvim-ts-autotag",
        "type": "github"
      }
    },
    "vim-plugin-splitjoin.vim": {
      "flake": false,
      "locked": {
        "lastModified": 1735039314,
        "narHash": "sha256-0wFuLJXTNbVNuYrBG+cIvWnqx9YnwVwTRL8ZmUw4rLg=",
        "owner": "AndrewRadev",
        "repo": "splitjoin.vim",
        "rev": "f7a688c6b444dd159919da38c53e9fa64f109f18",
        "type": "github"
      },
      "original": {
        "owner": "AndrewRadev",
        "repo": "splitjoin.vim",
        "type": "github"
      }
    },
    "vim-plugin-treesj": {
      "flake": false,
      "locked": {
        "lastModified": 1736178295,
        "narHash": "sha256-vj20blpTw800hXyishL9AdhoNET4Xzp7c+NQr7+cPIk=",
        "owner": "Wansmer",
        "repo": "treesj",
        "rev": "ec234a9a13d61a7b95900abdb02fabaea1afd9f3",
        "type": "github"
      },
      "original": {
        "owner": "Wansmer",
        "repo": "treesj",
        "type": "github"
      }
    },
    "vim-plugin-vim-abolish": {
      "flake": false,
      "locked": {
        "lastModified": 1695997009,
        "narHash": "sha256-MFXQjLIY1WJ6bGuxRr7WiIcjK9lOlMsFDit0bRmYd/s=",
        "owner": "tpope",
        "repo": "vim-abolish",
        "rev": "dcbfe065297d31823561ba787f51056c147aa682",
        "type": "github"
      },
      "original": {
        "owner": "tpope",
        "repo": "vim-abolish",
        "type": "github"
      }
    },
    "vim-plugin-vim-caser": {
      "flake": false,
      "locked": {
        "lastModified": 1627424152,
        "narHash": "sha256-PXAY01O/cHvAdWx3V/pyWFeiV5qJGvLcAKhl5DQc0Ps=",
        "owner": "arthurxavierx",
        "repo": "vim-caser",
        "rev": "6bc9f41d170711c58e0157d882a5fe8c30f34bf6",
        "type": "github"
      },
      "original": {
        "owner": "arthurxavierx",
        "repo": "vim-caser",
        "type": "github"
      }
    },
    "vim-plugin-vim-indentwise": {
      "flake": false,
      "locked": {
        "lastModified": 1433719491,
        "narHash": "sha256-ne2r1RdQnHYQ3z3jcCTr85kUPu42oYEKZhGh6FSY3y4=",
        "owner": "jeetsukumaran",
        "repo": "vim-indentwise",
        "rev": "608bd6876d3b56d469e0e615eb774a6e06095dbf",
        "type": "github"
      },
      "original": {
        "owner": "jeetsukumaran",
        "repo": "vim-indentwise",
        "type": "github"
      }
    },
    "vim-plugin-vim-matchup": {
      "flake": false,
      "locked": {
        "lastModified": 1734483184,
        "narHash": "sha256-3arscLNZeriFB8aYg30suhbBIDg5y3WyHlnoVUrxUMc=",
        "owner": "andymass",
        "repo": "vim-matchup",
        "rev": "aca23ce53ebfe34e02c4fe07e29e9133a2026481",
        "type": "github"
      },
      "original": {
        "owner": "andymass",
        "repo": "vim-matchup",
        "type": "github"
      }
    },
    "vim-plugin-vim-nix": {
      "flake": false,
      "locked": {
        "lastModified": 1708772165,
        "narHash": "sha256-2/9eyU+uUbcKiNcBDdgdxCBp1vNSP51U/0LTHihEYJY=",
        "owner": "LnL7",
        "repo": "vim-nix",
        "rev": "e25cd0f2e5922f1f4d3cd969f92e35a9a327ffb0",
        "type": "github"
      },
      "original": {
        "owner": "LnL7",
        "repo": "vim-nix",
        "type": "github"
      }
    },
    "vim-plugin-vim-plug": {
      "flake": false,
      "locked": {
        "lastModified": 1720523381,
        "narHash": "sha256-d8LZYiJzAOtWGIXUJ7788SnJj44nhdZB0mT5QW3itAY=",
        "owner": "junegunn",
        "repo": "vim-plug",
        "rev": "d80f495fabff8446972b8695ba251ca636a047b0",
        "type": "github"
      },
      "original": {
        "owner": "junegunn",
        "repo": "vim-plug",
        "type": "github"
      }
    },
    "vim-plugin-vim-repeat": {
      "flake": false,
      "locked": {
        "lastModified": 1720473942,
        "narHash": "sha256-G/dmkq1KtSHIl+I5p3LfO6mGPS3eyLRbEEsuLbTpGlk=",
        "owner": "tpope",
        "repo": "vim-repeat",
        "rev": "65846025c15494983dafe5e3b46c8f88ab2e9635",
        "type": "github"
      },
      "original": {
        "owner": "tpope",
        "repo": "vim-repeat",
        "type": "github"
      }
    },
    "vim-plugin-vim-signify": {
      "flake": false,
      "locked": {
        "lastModified": 1712285825,
        "narHash": "sha256-UJA+AO6yUGK9rP7oP/l52Z04VZym2lkDeY/qAEgr6nI=",
        "owner": "mhinz",
        "repo": "vim-signify",
        "rev": "8670143f9e12ed1cd3c9b2c54f345cdd9a4baac3",
        "type": "github"
      },
      "original": {
        "owner": "mhinz",
        "repo": "vim-signify",
        "type": "github"
      }
    },
    "vim-plugin-vim-sleuth": {
      "flake": false,
      "locked": {
        "lastModified": 1726718493,
        "narHash": "sha256-2Cr3h3uJvUL3CSoJs3aBFrkBeOBURSQItgQ4ep9sHXM=",
        "owner": "tpope",
        "repo": "vim-sleuth",
        "rev": "be69bff86754b1aa5adcbb527d7fcd1635a84080",
        "type": "github"
      },
      "original": {
        "owner": "tpope",
        "repo": "vim-sleuth",
        "type": "github"
      }
    },
    "zig": {
      "inputs": {
        "flake-compat": [
          "ghostty"
        ],
        "flake-utils": "flake-utils_2",
        "nixpkgs": [
          "ghostty",
          "nixpkgs-stable"
        ]
      },
      "locked": {
        "lastModified": 1717848532,
        "narHash": "sha256-d+xIUvSTreHl8pAmU1fnmkfDTGQYCn2Rb/zOwByxS2M=",
        "owner": "mitchellh",
        "repo": "zig-overlay",
        "rev": "02fc5cc555fc14fda40c42d7c3250efa43812b43",
        "type": "github"
      },
      "original": {
        "owner": "mitchellh",
        "repo": "zig-overlay",
        "type": "github"
      }
    }
  },
  "root": "root",
  "version": 7
}
